
Microsoft Visual Studio Solution File, Format Version 12.00
# Visual Studio 15
VisualStudioVersion = 15.0.25618.0
MinimumVisualStudioVersion = 10.0.40219.1
Project("{FAE04EC0-301F-11D3-BF4B-00C04F79EFBC}") = "HeatEquationSolver", "HeatEquationSolver\HeatEquationSolver.csproj", "{BD9C1151-54C7-4F86-9BAD-0ACB44CCA252}"
EndProject
Project("{FAE04EC0-301F-11D3-BF4B-00C04F79EFBC}") = "ConsoleSolver", "ConsoleSolver\ConsoleSolver.csproj", "{4C03C264-3491-47BA-916B-409073363AB0}"
EndProject
Project("{FAE04EC0-301F-11D3-BF4B-00C04F79EFBC}") = "HeatEquationSolver.Tests", "HeatEquationSolver.Tests\HeatEquationSolver.Tests.csproj", "{F6008B34-A45D-4AA8-81A5-47B06580EE80}"
EndProject
Project("{FAE04EC0-301F-11D3-BF4B-00C04F79EFBC}") = "NonlinearSystemSolver", "NonlinearSystemSolver\NonlinearSystemSolver.csproj", "{2617A936-1701-4A3D-A7A5-003B1E9B01F4}"
EndProject
Project("{FAE04EC0-301F-11D3-BF4B-00C04F79EFBC}") = "HeatEquationSolverUI", "HeatEquationSolverUI\HeatEquationSolverUI.csproj", "{795BB736-68A0-4A7D-9C50-EC9D61887E89}"
EndProject
Global
	GlobalSection(SolutionConfigurationPlatforms) = preSolution
		Debug|Any CPU = Debug|Any CPU
		Release|Any CPU = Release|Any CPU
	EndGlobalSection
	GlobalSection(ProjectConfigurationPlatforms) = postSolution
		{BD9C1151-54C7-4F86-9BAD-0ACB44CCA252}.Debug|Any CPU.ActiveCfg = Debug|Any CPU
		{BD9C1151-54C7-4F86-9BAD-0ACB44CCA252}.Debug|Any CPU.Build.0 = Debug|Any CPU
		{BD9C1151-54C7-4F86-9BAD-0ACB44CCA252}.Release|Any CPU.ActiveCfg = Release|Any CPU
		{BD9C1151-54C7-4F86-9BAD-0ACB44CCA252}.Release|Any CPU.Build.0 = Release|Any CPU
		{4C03C264-3491-47BA-916B-409073363AB0}.Debug|Any CPU.ActiveCfg = Debug|Any CPU
		{4C03C264-3491-47BA-916B-409073363AB0}.Debug|Any CPU.Build.0 = Debug|Any CPU
		{4C03C264-3491-47BA-916B-409073363AB0}.Release|Any CPU.ActiveCfg = Release|Any CPU
		{4C03C264-3491-47BA-916B-409073363AB0}.Release|Any CPU.Build.0 = Release|Any CPU
		{F6008B34-A45D-4AA8-81A5-47B06580EE80}.Debug|Any CPU.ActiveCfg = Debug|Any CPU
		{F6008B34-A45D-4AA8-81A5-47B06580EE80}.Debug|Any CPU.Build.0 = Debug|Any CPU
		{F6008B34-A45D-4AA8-81A5-47B06580EE80}.Release|Any CPU.ActiveCfg = Release|Any CPU
		{F6008B34-A45D-4AA8-81A5-47B06580EE80}.Release|Any CPU.Build.0 = Release|Any CPU
		{2617A936-1701-4A3D-A7A5-003B1E9B01F4}.Debug|Any CPU.ActiveCfg = Debug|Any CPU
		{2617A936-1701-4A3D-A7A5-003B1E9B01F4}.Debug|Any CPU.Build.0 = Debug|Any CPU
		{2617A936-1701-4A3D-A7A5-003B1E9B01F4}.Release|Any CPU.ActiveCfg = Release|Any CPU
		{2617A936-1701-4A3D-A7A5-003B1E9B01F4}.Release|Any CPU.Build.0 = Release|Any CPU
		{795BB736-68A0-4A7D-9C50-EC9D61887E89}.Debug|Any CPU.ActiveCfg = Debug|Any CPU
		{795BB736-68A0-4A7D-9C50-EC9D61887E89}.Debug|Any CPU.Build.0 = Debug|Any CPU
		{795BB736-68A0-4A7D-9C50-EC9D61887E89}.Release|Any CPU.ActiveCfg = Release|Any CPU
		{795BB736-68A0-4A7D-9C50-EC9D61887E89}.Release|Any CPU.Build.0 = Release|Any CPU
	EndGlobalSection
	GlobalSection(SolutionProperties) = preSolution
		HideSolutionNode = FALSE
	EndGlobalSection
EndGlobal
